
Microsoft Visual Studio Solution File, Format Version 10.00
# Visual Studio 2008
Project("{2150E333-8FDC-42A3-9474-1A3956D46DE8}") = "文档相关", "文档相关", "{CC6A7024-27E8-4B50-B7FB-0EBF48B4903B}"
	ProjectSection(SolutionItems) = preProject
		..\ReadMe.txt = ..\ReadMe.txt
		..\Doc\TODO.txt = ..\Doc\TODO.txt
	EndProjectSection
EndProject
Project("{8BC9CEB8-8B4A-11D0-8D11-00A0C91BC942}") = "FK2DEngine", "..\FK2DEngine\FK2DEngine.vcproj", "{8757DD26-9240-43BB-9EA9-D4B6E5AB0EEE}"
EndProject
Project("{8BC9CEB8-8B4A-11D0-8D11-00A0C91BC942}") = "FK2DEngineDemo1", "..\FK2DEngine\demo\Demo1\Demo1.vcproj", "{AD2DBBD8-63C4-419E-BD46-0E1EFE254A82}"
	ProjectSection(ProjectDependencies) = postProject
		{8757DD26-9240-43BB-9EA9-D4B6E5AB0EEE} = {8757DD26-9240-43BB-9EA9-D4B6E5AB0EEE}
	EndProjectSection
EndProject
Project("{8BC9CEB8-8B4A-11D0-8D11-00A0C91BC942}") = "FK2DEngineDemo2", "..\FK2DEngine\demo\Demo2\demo2.vcproj", "{C2637046-DF97-46AD-98C9-5CAB1DA06075}"
	ProjectSection(ProjectDependencies) = postProject
		{8757DD26-9240-43BB-9EA9-D4B6E5AB0EEE} = {8757DD26-9240-43BB-9EA9-D4B6E5AB0EEE}
	EndProjectSection
EndProject
Project("{8BC9CEB8-8B4A-11D0-8D11-00A0C91BC942}") = "FK2DEngineTest1", "..\FK2DEngine\test\Test1\Test1.vcproj", "{A91C72A1-74F3-4BBC-9714-5C38A06762AD}"
	ProjectSection(ProjectDependencies) = postProject
		{8757DD26-9240-43BB-9EA9-D4B6E5AB0EEE} = {8757DD26-9240-43BB-9EA9-D4B6E5AB0EEE}
	EndProjectSection
EndProject
Project("{8BC9CEB8-8B4A-11D0-8D11-00A0C91BC942}") = "FK3DEngine", "..\FK3DEngine\FK3DEngine.vcproj", "{7E0292A6-F7D1-4078-82E1-67A1FAFB21D0}"
	ProjectSection(ProjectDependencies) = postProject
		{91D86923-24C3-43D8-8151-9121106A5AFD} = {91D86923-24C3-43D8-8151-9121106A5AFD}
	EndProjectSection
EndProject
Project("{8BC9CEB8-8B4A-11D0-8D11-00A0C91BC942}") = "FK3DEngineDemo1", "..\FK3DEngine\demo\FK3DEnginDemo1\FK3DEnginDemo1.vcproj", "{7D60E2B7-4953-46AA-A6C7-85F84B033476}"
	ProjectSection(ProjectDependencies) = postProject
		{91D86923-24C3-43D8-8151-9121106A5AFD} = {91D86923-24C3-43D8-8151-9121106A5AFD}
		{7E0292A6-F7D1-4078-82E1-67A1FAFB21D0} = {7E0292A6-F7D1-4078-82E1-67A1FAFB21D0}
	EndProjectSection
EndProject
Project("{8BC9CEB8-8B4A-11D0-8D11-00A0C91BC942}") = "freetype", "..\Depend\freetype\freetype.vcproj", "{91D86923-24C3-43D8-8151-9121106A5AFD}"
EndProject
Project("{8BC9CEB8-8B4A-11D0-8D11-00A0C91BC942}") = "ServerCommon", "..\FKServer\ServerCommon\ServerCommon.vcproj", "{97374542-16C0-4C73-A363-237750B0426F}"
EndProject
Project("{8BC9CEB8-8B4A-11D0-8D11-00A0C91BC942}") = "FK2DEngineDemo3", "..\FK2DEngine\demo\Demo3\FK2DEngineDemo3.vcproj", "{BF5C8B63-63DD-4D15-8B56-F397D4C009A9}"
	ProjectSection(ProjectDependencies) = postProject
		{8757DD26-9240-43BB-9EA9-D4B6E5AB0EEE} = {8757DD26-9240-43BB-9EA9-D4B6E5AB0EEE}
	EndProjectSection
EndProject
Project("{8BC9CEB8-8B4A-11D0-8D11-00A0C91BC942}") = "LoginServer", "..\FKServer\LoginServer\LoginServer.vcproj", "{21DBF611-D956-4F7C-830C-649F7CA58F9E}"
	ProjectSection(ProjectDependencies) = postProject
		{97374542-16C0-4C73-A363-237750B0426F} = {97374542-16C0-4C73-A363-237750B0426F}
	EndProjectSection
EndProject
Project("{2150E333-8FDC-42A3-9474-1A3956D46DE8}") = "2DEngine", "2DEngine", "{FC7E2030-EDBA-41DB-B273-8E79875C80D6}"
EndProject
Project("{2150E333-8FDC-42A3-9474-1A3956D46DE8}") = "3DEngine", "3DEngine", "{A84A15E7-0E39-49A6-918D-108203F2C483}"
EndProject
Project("{2150E333-8FDC-42A3-9474-1A3956D46DE8}") = "Tools", "Tools", "{321DD606-E749-4C9E-B318-07D9432AF226}"
EndProject
Project("{2150E333-8FDC-42A3-9474-1A3956D46DE8}") = "FKServer", "FKServer", "{FF22F6EA-0D51-464B-A3AE-224281C7E02F}"
EndProject
Project("{2150E333-8FDC-42A3-9474-1A3956D46DE8}") = "Depend", "Depend", "{28C8B5B8-5613-4021-AB7F-85FACA8F9A52}"
EndProject
Project("{2150E333-8FDC-42A3-9474-1A3956D46DE8}") = "FK2DGame", "FK2DGame", "{C31B4F04-3788-427F-BEC6-A308D066506F}"
EndProject
Project("{8BC9CEB8-8B4A-11D0-8D11-00A0C91BC942}") = "FKCrashDump", "..\FK2DGame\FKCrashDump\FKCrashDump.vcproj", "{D29DBF67-67C0-4800-A19C-F152A1C05429}"
EndProject
Project("{8BC9CEB8-8B4A-11D0-8D11-00A0C91BC942}") = "FKAxis", "..\FK2DGame\FKAxis\FKAxis.vcproj", "{427FBA24-7CFE-4527-96C3-D13945C78F6F}"
EndProject
Project("{8BC9CEB8-8B4A-11D0-8D11-00A0C91BC942}") = "FKBasicSys", "..\FK2DGame\FKBasicSys\FKBasicSys.vcproj", "{9EB1310F-9A42-4BF0-9426-A0549375FBA7}"
EndProject
Project("{8BC9CEB8-8B4A-11D0-8D11-00A0C91BC942}") = "FKCanvas", "..\FK2DGame\FKCanvas\FKCanvas.vcproj", "{C34FC53E-9940-4D09-B84E-20A2893EF425}"
EndProject
Project("{8BC9CEB8-8B4A-11D0-8D11-00A0C91BC942}") = "FKChatClient", "..\FK2DGame\FKChatClient\FKChatClient.vcproj", "{51F6888D-6514-4281-8C20-972475F8379E}"
EndProject
Project("{8BC9CEB8-8B4A-11D0-8D11-00A0C91BC942}") = "FKCommon", "..\FK2DGame\FKCommon\FKCommon.vcproj", "{F962CE64-C785-4B21-9B63-36401E28179C}"
EndProject
Project("{8BC9CEB8-8B4A-11D0-8D11-00A0C91BC942}") = "FKController", "..\FK2DGame\FKController\FKController.vcproj", "{D8C16C99-9DDA-4F6A-B9ED-DAC615CB8E57}"
EndProject
Project("{8BC9CEB8-8B4A-11D0-8D11-00A0C91BC942}") = "FKEvent", "..\FK2DGame\FKEvent\FKEvent.vcproj", "{990E2A2C-5636-4CA9-961A-86819DE29FF7}"
EndProject
Project("{8BC9CEB8-8B4A-11D0-8D11-00A0C91BC942}") = "FKFileSystem", "..\FK2DGame\FKFileSystem\FKFileSystem.vcproj", "{469449F0-7B0B-4637-8898-97C995EB6A02}"
EndProject
Project("{8BC9CEB8-8B4A-11D0-8D11-00A0C91BC942}") = "FKGame", "..\FK2DGame\FKGame\FKGame.vcproj", "{3C37845E-67C6-41C8-9413-CFBA165BE828}"
EndProject
Project("{8BC9CEB8-8B4A-11D0-8D11-00A0C91BC942}") = "FKGameModule", "..\FK2DGame\FKGameModule\FKGameModule.vcproj", "{9B8115A5-8BD9-4F34-BD70-CBDE88D5524F}"
EndProject
Project("{8BC9CEB8-8B4A-11D0-8D11-00A0C91BC942}") = "FKMapView", "..\FK2DGame\FKMapView\FKMapView.vcproj", "{DC5C6EB3-3D89-4D85-99AA-A00E39D89869}"
EndProject
Project("{8BC9CEB8-8B4A-11D0-8D11-00A0C91BC942}") = "FKResManager", "..\FK2DGame\FKResManager\FKResManager.vcproj", "{AD313C2E-409C-4B21-A7E1-97E5692A0696}"
EndProject
Project("{8BC9CEB8-8B4A-11D0-8D11-00A0C91BC942}") = "FKScriptUpdate", "..\FK2DGame\FKScriptUpdate\FKScriptUpdate.vcproj", "{17544509-32F2-45AD-89FF-2D8506F74C50}"
EndProject
Project("{8BC9CEB8-8B4A-11D0-8D11-00A0C91BC942}") = "FKSocket", "..\FK2DGame\FKSocket\FKSocket.vcproj", "{DD48EE4C-D2E3-4845-94E7-69874FC5C091}"
EndProject
Project("{8BC9CEB8-8B4A-11D0-8D11-00A0C91BC942}") = "FKThingClient", "..\FK2DGame\FKThingClient\FKThingClient.vcproj", "{F1793704-4357-4651-BC1F-E33FB0E947A1}"
EndProject
Project("{8BC9CEB8-8B4A-11D0-8D11-00A0C91BC942}") = "FKTrace", "..\FK2DGame\FKTrace\FKTrace.vcproj", "{0430E0CC-86D3-4548-A6B2-52139E4A2A64}"
EndProject
Project("{8BC9CEB8-8B4A-11D0-8D11-00A0C91BC942}") = "FKWndMgr", "..\FK2DGame\FKWndMgr\FKWndMgr.vcproj", "{24D7ED11-B08D-4570-9DF6-D4CC1A03680C}"
EndProject
Project("{8BC9CEB8-8B4A-11D0-8D11-00A0C91BC942}") = "FKWndSys", "..\FK2DGame\FKWndSys\FKWndSys.vcproj", "{A839FF5B-1164-4155-8530-C1E960F551EE}"
EndProject
Project("{8BC9CEB8-8B4A-11D0-8D11-00A0C91BC942}") = "FK_1_Maker", "..\FK2DGame\FKTools\FK_1_Maker\FK_1_Maker.vcproj", "{4577FD7B-CD61-46CF-9627-B273BC355AC8}"
EndProject
Project("{8BC9CEB8-8B4A-11D0-8D11-00A0C91BC942}") = "FK_2_Maker", "..\FK2DGame\FKTools\FK_2_Maker\FK_2_Maker.vcproj", "{17DB7FE9-C32F-437A-A821-9E08451E85DA}"
EndProject
Project("{2150E333-8FDC-42A3-9474-1A3956D46DE8}") = "FK3DGame", "FK3DGame", "{FA548C72-CC42-4EFE-8D37-687F9CDCAC62}"
EndProject
Project("{8BC9CEB8-8B4A-11D0-8D11-00A0C91BC942}") = "FKUtility", "..\FK3DGame\FKUtility\FKUtility.vcproj", "{C9FEEB71-B900-4CFE-BE11-54AE748892DD}"
EndProject
Project("{8BC9CEB8-8B4A-11D0-8D11-00A0C91BC942}") = "FK3DGameEngine", "..\FK3DGame\FK3DGameEngine\FK3DGameEngine.vcproj", "{65CD4215-0DD9-4434-9850-D0B83DC190DB}"
	ProjectSection(ProjectDependencies) = postProject
		{C9FEEB71-B900-4CFE-BE11-54AE748892DD} = {C9FEEB71-B900-4CFE-BE11-54AE748892DD}
	EndProjectSection
EndProject
Project("{8BC9CEB8-8B4A-11D0-8D11-00A0C91BC942}") = "FK3DGame", "..\FK3DGame\FK3DGame\FK3DGame.vcproj", "{F49BEC7B-3F1C-400C-A881-07391F759DE1}"
	ProjectSection(ProjectDependencies) = postProject
		{65CD4215-0DD9-4434-9850-D0B83DC190DB} = {65CD4215-0DD9-4434-9850-D0B83DC190DB}
	EndProjectSection
EndProject
Project("{8BC9CEB8-8B4A-11D0-8D11-00A0C91BC942}") = "FKGameMain", "..\FK3DGame\FKGameMain\FKGameMain.vcproj", "{A809BE98-8386-4750-84F9-61DF1DDBA98A}"
	ProjectSection(ProjectDependencies) = postProject
		{65CD4215-0DD9-4434-9850-D0B83DC190DB} = {65CD4215-0DD9-4434-9850-D0B83DC190DB}
		{F49BEC7B-3F1C-400C-A881-07391F759DE1} = {F49BEC7B-3F1C-400C-A881-07391F759DE1}
		{DDB033A7-217F-4A1A-A352-35946C926477} = {DDB033A7-217F-4A1A-A352-35946C926477}
	EndProjectSection
EndProject
Project("{8BC9CEB8-8B4A-11D0-8D11-00A0C91BC942}") = "FKWidget", "..\FK3DGame\FKWidget\FKWidget.vcproj", "{52393947-73B8-456C-8E33-74E05A79EFC6}"
	ProjectSection(ProjectDependencies) = postProject
		{65CD4215-0DD9-4434-9850-D0B83DC190DB} = {65CD4215-0DD9-4434-9850-D0B83DC190DB}
		{C9FEEB71-B900-4CFE-BE11-54AE748892DD} = {C9FEEB71-B900-4CFE-BE11-54AE748892DD}
	EndProjectSection
EndProject
Project("{2150E333-8FDC-42A3-9474-1A3956D46DE8}") = "工具相关", "工具相关", "{6DC9F565-7DC1-41CB-8BD9-E6EC9C89D44B}"
EndProject
Project("{8BC9CEB8-8B4A-11D0-8D11-00A0C91BC942}") = "FKMemoryMgr", "..\FK3DGame\FKMemoryMgr\FKMemoryMgr.vcproj", "{DDB033A7-217F-4A1A-A352-35946C926477}"
EndProject
Project("{8BC9CEB8-8B4A-11D0-8D11-00A0C91BC942}") = "FKAifEditor", "..\FK3DGame\FKAifEditor\FKAifEditor.vcproj", "{22E5DB5B-093A-442B-8ECF-1D3D4F21E48C}"
EndProject
Project("{8BC9CEB8-8B4A-11D0-8D11-00A0C91BC942}") = "FKAnimationCompiler", "..\FK3DGame\FKAnimationCompiler\FKAnimationCompiler.vcproj", "{3AA5236D-6BA7-49C8-88E6-FEB4274A1258}"
EndProject
Project("{8BC9CEB8-8B4A-11D0-8D11-00A0C91BC942}") = "FKArchiveTool", "..\FK3DGame\FKArchiveTool\FKArchiveTool.vcproj", "{3CB3563B-5928-435A-A6D2-B5C62C4C7FF8}"
EndProject
Project("{8BC9CEB8-8B4A-11D0-8D11-00A0C91BC942}") = "FKBitmapCreator", "..\FK3DGame\FKBitmapCreator\FKBitmapCreator.vcproj", "{0F7A166F-39E7-4B3C-8153-E7BDB89750A0}"
	ProjectSection(ProjectDependencies) = postProject
		{65CD4215-0DD9-4434-9850-D0B83DC190DB} = {65CD4215-0DD9-4434-9850-D0B83DC190DB}
		{C9FEEB71-B900-4CFE-BE11-54AE748892DD} = {C9FEEB71-B900-4CFE-BE11-54AE748892DD}
		{075FD975-F3C8-491D-98FD-8631509C0478} = {075FD975-F3C8-491D-98FD-8631509C0478}
	EndProjectSection
EndProject
Project("{8BC9CEB8-8B4A-11D0-8D11-00A0C91BC942}") = "FKDirect3D", "..\FK3DGame\FKDirect3D\FKDirect3D.vcproj", "{075FD975-F3C8-491D-98FD-8631509C0478}"
	ProjectSection(ProjectDependencies) = postProject
		{65CD4215-0DD9-4434-9850-D0B83DC190DB} = {65CD4215-0DD9-4434-9850-D0B83DC190DB}
		{C9FEEB71-B900-4CFE-BE11-54AE748892DD} = {C9FEEB71-B900-4CFE-BE11-54AE748892DD}
	EndProjectSection
EndProject
Project("{8BC9CEB8-8B4A-11D0-8D11-00A0C91BC942}") = "FKDotNetLauncher", "..\FK3DGame\FKDotNetLauncher\FKDotNetLauncher.vcproj", "{3742A357-D36C-472F-BD88-E867D3B2650E}"
EndProject
Project("{8BC9CEB8-8B4A-11D0-8D11-00A0C91BC942}") = "FKViewer", "..\FK3DGame\FKViewer\FKViewer.vcproj", "{5EDA9925-43AE-4321-B487-C47DDE05AC19}"
EndProject
Project("{8BC9CEB8-8B4A-11D0-8D11-00A0C91BC942}") = "FKTextureCompiler", "..\FK3DGame\FKTextureCompiler\FKTextureCompiler.vcproj", "{16D8EBDB-1713-42E9-80C9-136806A1FABC}"
	ProjectSection(ProjectDependencies) = postProject
		{65CD4215-0DD9-4434-9850-D0B83DC190DB} = {65CD4215-0DD9-4434-9850-D0B83DC190DB}
		{C9FEEB71-B900-4CFE-BE11-54AE748892DD} = {C9FEEB71-B900-4CFE-BE11-54AE748892DD}
	EndProjectSection
EndProject
Project("{8BC9CEB8-8B4A-11D0-8D11-00A0C91BC942}") = "FKFontCompiler", "..\FK3DGame\FKFontCompiler\FKFontCompiler.vcproj", "{AE854F48-5EA9-4894-83AB-A3A4E0D6672C}"
EndProject
Project("{8BC9CEB8-8B4A-11D0-8D11-00A0C91BC942}") = "FKHardwareLockDataPrep", "..\FK3DGame\FKHardwareLockDataPrep\FKHardwareLockDataPrep.vcproj", "{0B2CAA06-3096-4DD4-86B4-0B0EFAD4A306}"
EndProject
Project("{8BC9CEB8-8B4A-11D0-8D11-00A0C91BC942}") = "FKMapCompiler", "..\FK3DGame\FKMapCompiler\FKMapCompiler.vcproj", "{A7F431D3-6441-42EE-B0F5-39C25C576E93}"
EndProject
Project("{8BC9CEB8-8B4A-11D0-8D11-00A0C91BC942}") = "FKModelCompiler", "..\FK3DGame\FKModelCompiler\FKModelCompiler.vcproj", "{86326D7F-7B6F-4F46-83AB-2CD1745791ED}"
EndProject
Project("{8BC9CEB8-8B4A-11D0-8D11-00A0C91BC942}") = "FKEditor", "..\FK3DGame\FKEditor\FKEditor.vcproj", "{CA94D035-6AC1-4B64-BB79-ADAB88067E98}"
	ProjectSection(ProjectDependencies) = postProject
		{65CD4215-0DD9-4434-9850-D0B83DC190DB} = {65CD4215-0DD9-4434-9850-D0B83DC190DB}
		{52393947-73B8-456C-8E33-74E05A79EFC6} = {52393947-73B8-456C-8E33-74E05A79EFC6}
		{C9FEEB71-B900-4CFE-BE11-54AE748892DD} = {C9FEEB71-B900-4CFE-BE11-54AE748892DD}
		{F49BEC7B-3F1C-400C-A881-07391F759DE1} = {F49BEC7B-3F1C-400C-A881-07391F759DE1}
	EndProjectSection
EndProject
Project("{8BC9CEB8-8B4A-11D0-8D11-00A0C91BC942}") = "FKMaxPlugins", "..\FK3DGame\FKMaxPlugins\FKMaxPlugins.vcproj", "{3FF56B7A-89E5-4D02-9FDD-29919FA76CDD}"
EndProject
Project("{8BC9CEB8-8B4A-11D0-8D11-00A0C91BC942}") = "FKShaderLibrary", "..\FK3DGame\FKShaderLibrary\FKShaderLibrary.vcproj", "{823E6BCC-9B4C-4BD1-9F6A-20406395A177}"
EndProject
Project("{8BC9CEB8-8B4A-11D0-8D11-00A0C91BC942}") = "FKPSEditor", "..\FK3DGame\FKPSEditor\FKPSEditor.vcproj", "{071160A5-D7EC-43A3-8D07-AF9A5FDDE0D4}"
EndProject
Project("{8BC9CEB8-8B4A-11D0-8D11-00A0C91BC942}") = "FKArtManager", "..\FK3DGame\FKArtManager\FKArtManager.vcproj", "{80FF2BD7-78D3-4F0F-8644-B75F53D313BB}"
EndProject
Project("{8BC9CEB8-8B4A-11D0-8D11-00A0C91BC942}") = "FKSourceServer", "..\FK3DGame\FKSourceServer\FKSourceServer.vcproj", "{33C4980F-4A2A-42FB-A60D-35E59ABD1E01}"
EndProject
Project("{8BC9CEB8-8B4A-11D0-8D11-00A0C91BC942}") = "FKSourceControl", "..\FK3DGame\FKSourceControl\FKSourceControl.vcproj", "{8FDE27BC-40BE-4F61-BC9E-BF788CA3011D}"
EndProject
Project("{8BC9CEB8-8B4A-11D0-8D11-00A0C91BC942}") = "FKShaderCompiler", "..\FK3DGame\FKShaderCompiler\FKShaderCompiler.vcproj", "{35A90F2A-36E3-4B3E-92E9-4B999DBDFCE6}"
EndProject
Project("{8BC9CEB8-8B4A-11D0-8D11-00A0C91BC942}") = "FKResourceTree", "..\FK3DGame\FKResourceTree\FKResourceTree.vcproj", "{0BCCA663-D3C5-4C64-A3DD-B4F0F4C67FF8}"
EndProject
Project("{8BC9CEB8-8B4A-11D0-8D11-00A0C91BC942}") = "FKQuestEditor", "..\FK3DGame\FKQuestEditor\FKQuestEditor.vcproj", "{D66707E9-2E51-4400-9C41-6646C19344C9}"
EndProject
Project("{2150E333-8FDC-42A3-9474-1A3956D46DE8}") = "FKServer2", "FKServer2", "{DDDAC29A-7DBE-41A6-9365-FFF896B902B3}"
EndProject
Project("{8BC9CEB8-8B4A-11D0-8D11-00A0C91BC942}") = "FKSvr2Login", "..\FKServer2\FKSvr2Login\FKSvr2Login.vcproj", "{A96B2780-955F-4528-8B0E-F6E33C78DD4B}"
EndProject
Project("{8BC9CEB8-8B4A-11D0-8D11-00A0C91BC942}") = "FKSvr2Billing", "..\FKServer2\FKSvr2Billing\FKSvr2Billing.vcproj", "{9F391EEF-E1C8-482E-8A53-34ADB60FB56A}"
EndProject
Project("{8BC9CEB8-8B4A-11D0-8D11-00A0C91BC942}") = "FKSvr2Server", "..\FKServer2\FKSvr2Server\FKSvr2Server9.vcproj", "{927797A7-BB98-423A-9529-FCA5395FB356}"
	ProjectSection(ProjectDependencies) = postProject
		{44C01A76-A71A-4DC5-9DE0-F7054ED174C3} = {44C01A76-A71A-4DC5-9DE0-F7054ED174C3}
	EndProjectSection
EndProject
Project("{8BC9CEB8-8B4A-11D0-8D11-00A0C91BC942}") = "FKSvr2ShareMemory", "..\FKServer2\FKSvr2ShareMemory\FKSvr2ShareMemory.vcproj", "{AEC66C3E-BE76-4B37-88EA-D4DF64F75C82}"
EndProject
Project("{8BC9CEB8-8B4A-11D0-8D11-00A0C91BC942}") = "FKSvr2World", "..\FKServer2\FKSvr2World\FKSvr2World.vcproj", "{72DFEC7F-80B0-44E7-B739-86F38CA0F5C4}"
EndProject
Project("{8BC9CEB8-8B4A-11D0-8D11-00A0C91BC942}") = "FKFoxLuaScript", "..\FKServer2\FKFoxLuaScript\FKFoxLuaScript.vcproj", "{44C01A76-A71A-4DC5-9DE0-F7054ED174C3}"
EndProject
Project("{2150E333-8FDC-42A3-9474-1A3956D46DE8}") = "FKServer3", "FKServer3", "{0E4EDF9F-D87B-4FF1-ACA1-86701366AC0F}"
EndProject
Project("{8BC9CEB8-8B4A-11D0-8D11-00A0C91BC942}") = "FKSvr3Common", "..\FKServer3\FKSvr3Common\FKSvr3Common.vcproj", "{DB155213-2183-42F9-9F07-F4A0E5871946}"
EndProject
Project("{2150E333-8FDC-42A3-9474-1A3956D46DE8}") = "FKServer4", "FKServer4", "{8FCCD7C2-8D6A-4B34-9900-675743B400F3}"
EndProject
Project("{8BC9CEB8-8B4A-11D0-8D11-00A0C91BC942}") = "FKEasyGui", "..\FKServer4\FKEasyGui\FKEasyGui.vcproj", "{414EA95C-BFC5-45B7-8CB0-B4A55FC0FFD5}"
EndProject
Project("{8BC9CEB8-8B4A-11D0-8D11-00A0C91BC942}") = "FKxLib", "..\FKServer4\FKxLib\FKxLib.vcproj", "{FB5EFAFB-A1A7-417C-9403-155CEF697B14}"
EndProject
Project("{8BC9CEB8-8B4A-11D0-8D11-00A0C91BC942}") = "FKxLibPlus", "..\FKServer4\FKxLibPlus\FKxLibPlus.vcproj", "{BC826F6C-2B24-4192-8E66-4AE1D8A567D8}"
EndProject
Project("{8BC9CEB8-8B4A-11D0-8D11-00A0C91BC942}") = "FKPublicLib", "..\FKServer4\FKPublicLib\FKPublicLib.vcproj", "{EDFDBFC6-A426-434F-BC98-92E4ABC73EBE}"
EndProject
Project("{2150E333-8FDC-42A3-9474-1A3956D46DE8}") = "Libs", "Libs", "{D984F3A1-615A-47FC-98DC-CD93145F9F8D}"
EndProject
Project("{2150E333-8FDC-42A3-9474-1A3956D46DE8}") = "CoreServer", "CoreServer", "{86D91ADE-B0E9-402C-A1EE-BC9644ACD9A7}"
EndProject
Project("{2150E333-8FDC-42A3-9474-1A3956D46DE8}") = "OtherServer", "OtherServer", "{364B1CDC-4E97-4741-8098-05361AAEE45A}"
EndProject
Project("{8BC9CEB8-8B4A-11D0-8D11-00A0C91BC942}") = "FKCenterServer", "..\FKServer4\FKCenterServer\FKCenterServer.vcproj", "{B6E3B600-E59B-4860-9C67-3486F8A9822D}"
EndProject
Project("{8BC9CEB8-8B4A-11D0-8D11-00A0C91BC942}") = "FKCharSelServer", "..\FKServer4\FKCharSelServer\FKCharSelServer.vcproj", "{68512C26-29EF-4D73-AA53-6CDEB3B8BF24}"
EndProject
Project("{8BC9CEB8-8B4A-11D0-8D11-00A0C91BC942}") = "FKDBServer", "..\FKServer4\FKDBServer\FKDBServer.vcproj", "{24747B46-41D4-4AB9-8D71-6BFA6D1CF2D3}"
EndProject
Project("{8BC9CEB8-8B4A-11D0-8D11-00A0C91BC942}") = "FKLoginServer", "..\FKServer4\FKLoginServer\FKLoginServer.vcproj", "{AADC87F1-9E7E-4993-86ED-1E42DFF83B8A}"
EndProject
Project("{8BC9CEB8-8B4A-11D0-8D11-00A0C91BC942}") = "FKGameServer", "..\FKServer4\FKGameServer\FKGameServer.vcproj", "{1025870F-E111-47FF-827A-264766606FF4}"
EndProject
Project("{8BC9CEB8-8B4A-11D0-8D11-00A0C91BC942}") = "FKSwfServer", "..\FKServer4\FKSwfServer\FKSwfServer.vcproj", "{CB37AA97-C128-431D-9EA7-2067988ABC5A}"
EndProject
Project("{8BC9CEB8-8B4A-11D0-8D11-00A0C91BC942}") = "FKSecuServer", "..\FKServer4\FKSecuServer\FKSecuServer.vcproj", "{E4E0CEA8-6CFF-40D6-8629-1A9F254C96EA}"
EndProject
Project("{8BC9CEB8-8B4A-11D0-8D11-00A0C91BC942}") = "FKSvr3CheckNameSvr", "..\FKServer3\FKSvr3CheckNameSvr\FKSvr3CheckNameSvr.vcproj", "{C0BF0256-4B6C-4FFE-B08E-88B36B8BACCB}"
EndProject
Global
	GlobalSection(SolutionConfigurationPlatforms) = preSolution
		Debug|Win32 = Debug|Win32
		Release|Win32 = Release|Win32
	EndGlobalSection
	GlobalSection(ProjectConfigurationPlatforms) = postSolution
		{8757DD26-9240-43BB-9EA9-D4B6E5AB0EEE}.Debug|Win32.ActiveCfg = Debug|Win32
		{8757DD26-9240-43BB-9EA9-D4B6E5AB0EEE}.Debug|Win32.Build.0 = Debug|Win32
		{8757DD26-9240-43BB-9EA9-D4B6E5AB0EEE}.Release|Win32.ActiveCfg = Release|Win32
		{8757DD26-9240-43BB-9EA9-D4B6E5AB0EEE}.Release|Win32.Build.0 = Release|Win32
		{AD2DBBD8-63C4-419E-BD46-0E1EFE254A82}.Debug|Win32.ActiveCfg = Debug|Win32
		{AD2DBBD8-63C4-419E-BD46-0E1EFE254A82}.Debug|Win32.Build.0 = Debug|Win32
		{AD2DBBD8-63C4-419E-BD46-0E1EFE254A82}.Release|Win32.ActiveCfg = Release|Win32
		{AD2DBBD8-63C4-419E-BD46-0E1EFE254A82}.Release|Win32.Build.0 = Release|Win32
		{C2637046-DF97-46AD-98C9-5CAB1DA06075}.Debug|Win32.ActiveCfg = Debug|Win32
		{C2637046-DF97-46AD-98C9-5CAB1DA06075}.Debug|Win32.Build.0 = Debug|Win32
		{C2637046-DF97-46AD-98C9-5CAB1DA06075}.Release|Win32.ActiveCfg = Release|Win32
		{C2637046-DF97-46AD-98C9-5CAB1DA06075}.Release|Win32.Build.0 = Release|Win32
		{A91C72A1-74F3-4BBC-9714-5C38A06762AD}.Debug|Win32.ActiveCfg = Debug|Win32
		{A91C72A1-74F3-4BBC-9714-5C38A06762AD}.Debug|Win32.Build.0 = Debug|Win32
		{A91C72A1-74F3-4BBC-9714-5C38A06762AD}.Release|Win32.ActiveCfg = Release|Win32
		{A91C72A1-74F3-4BBC-9714-5C38A06762AD}.Release|Win32.Build.0 = Release|Win32
		{7E0292A6-F7D1-4078-82E1-67A1FAFB21D0}.Debug|Win32.ActiveCfg = Debug|Win32
		{7E0292A6-F7D1-4078-82E1-67A1FAFB21D0}.Debug|Win32.Build.0 = Debug|Win32
		{7E0292A6-F7D1-4078-82E1-67A1FAFB21D0}.Release|Win32.ActiveCfg = Release|Win32
		{7E0292A6-F7D1-4078-82E1-67A1FAFB21D0}.Release|Win32.Build.0 = Release|Win32
		{7D60E2B7-4953-46AA-A6C7-85F84B033476}.Debug|Win32.ActiveCfg = Debug|Win32
		{7D60E2B7-4953-46AA-A6C7-85F84B033476}.Debug|Win32.Build.0 = Debug|Win32
		{7D60E2B7-4953-46AA-A6C7-85F84B033476}.Release|Win32.ActiveCfg = Release|Win32
		{7D60E2B7-4953-46AA-A6C7-85F84B033476}.Release|Win32.Build.0 = Release|Win32
		{91D86923-24C3-43D8-8151-9121106A5AFD}.Debug|Win32.ActiveCfg = Debug|Win32
		{91D86923-24C3-43D8-8151-9121106A5AFD}.Debug|Win32.Build.0 = Debug|Win32
		{91D86923-24C3-43D8-8151-9121106A5AFD}.Release|Win32.ActiveCfg = Release|Win32
		{91D86923-24C3-43D8-8151-9121106A5AFD}.Release|Win32.Build.0 = Release|Win32
		{97374542-16C0-4C73-A363-237750B0426F}.Debug|Win32.ActiveCfg = Debug|Win32
		{97374542-16C0-4C73-A363-237750B0426F}.Debug|Win32.Build.0 = Debug|Win32
		{97374542-16C0-4C73-A363-237750B0426F}.Release|Win32.ActiveCfg = Release|Win32
		{97374542-16C0-4C73-A363-237750B0426F}.Release|Win32.Build.0 = Release|Win32
		{BF5C8B63-63DD-4D15-8B56-F397D4C009A9}.Debug|Win32.ActiveCfg = Debug|Win32
		{BF5C8B63-63DD-4D15-8B56-F397D4C009A9}.Debug|Win32.Build.0 = Debug|Win32
		{BF5C8B63-63DD-4D15-8B56-F397D4C009A9}.Release|Win32.ActiveCfg = Release|Win32
		{BF5C8B63-63DD-4D15-8B56-F397D4C009A9}.Release|Win32.Build.0 = Release|Win32
		{21DBF611-D956-4F7C-830C-649F7CA58F9E}.Debug|Win32.ActiveCfg = Debug|Win32
		{21DBF611-D956-4F7C-830C-649F7CA58F9E}.Debug|Win32.Build.0 = Debug|Win32
		{21DBF611-D956-4F7C-830C-649F7CA58F9E}.Release|Win32.ActiveCfg = Release|Win32
		{21DBF611-D956-4F7C-830C-649F7CA58F9E}.Release|Win32.Build.0 = Release|Win32
		{D29DBF67-67C0-4800-A19C-F152A1C05429}.Debug|Win32.ActiveCfg = Debug|Win32
		{D29DBF67-67C0-4800-A19C-F152A1C05429}.Debug|Win32.Build.0 = Debug|Win32
		{D29DBF67-67C0-4800-A19C-F152A1C05429}.Release|Win32.ActiveCfg = Release|Win32
		{D29DBF67-67C0-4800-A19C-F152A1C05429}.Release|Win32.Build.0 = Release|Win32
		{427FBA24-7CFE-4527-96C3-D13945C78F6F}.Debug|Win32.ActiveCfg = Debug|Win32
		{427FBA24-7CFE-4527-96C3-D13945C78F6F}.Debug|Win32.Build.0 = Debug|Win32
		{427FBA24-7CFE-4527-96C3-D13945C78F6F}.Release|Win32.ActiveCfg = Release|Win32
		{427FBA24-7CFE-4527-96C3-D13945C78F6F}.Release|Win32.Build.0 = Release|Win32
		{9EB1310F-9A42-4BF0-9426-A0549375FBA7}.Debug|Win32.ActiveCfg = Debug|Win32
		{9EB1310F-9A42-4BF0-9426-A0549375FBA7}.Debug|Win32.Build.0 = Debug|Win32
		{9EB1310F-9A42-4BF0-9426-A0549375FBA7}.Release|Win32.ActiveCfg = Release|Win32
		{9EB1310F-9A42-4BF0-9426-A0549375FBA7}.Release|Win32.Build.0 = Release|Win32
		{C34FC53E-9940-4D09-B84E-20A2893EF425}.Debug|Win32.ActiveCfg = Debug|Win32
		{C34FC53E-9940-4D09-B84E-20A2893EF425}.Debug|Win32.Build.0 = Debug|Win32
		{C34FC53E-9940-4D09-B84E-20A2893EF425}.Release|Win32.ActiveCfg = Release|Win32
		{C34FC53E-9940-4D09-B84E-20A2893EF425}.Release|Win32.Build.0 = Release|Win32
		{51F6888D-6514-4281-8C20-972475F8379E}.Debug|Win32.ActiveCfg = Debug|Win32
		{51F6888D-6514-4281-8C20-972475F8379E}.Debug|Win32.Build.0 = Debug|Win32
		{51F6888D-6514-4281-8C20-972475F8379E}.Release|Win32.ActiveCfg = Release|Win32
		{51F6888D-6514-4281-8C20-972475F8379E}.Release|Win32.Build.0 = Release|Win32
		{F962CE64-C785-4B21-9B63-36401E28179C}.Debug|Win32.ActiveCfg = Debug|Win32
		{F962CE64-C785-4B21-9B63-36401E28179C}.Debug|Win32.Build.0 = Debug|Win32
		{F962CE64-C785-4B21-9B63-36401E28179C}.Release|Win32.ActiveCfg = Release|Win32
		{F962CE64-C785-4B21-9B63-36401E28179C}.Release|Win32.Build.0 = Release|Win32
		{D8C16C99-9DDA-4F6A-B9ED-DAC615CB8E57}.Debug|Win32.ActiveCfg = Debug|Win32
		{D8C16C99-9DDA-4F6A-B9ED-DAC615CB8E57}.Debug|Win32.Build.0 = Debug|Win32
		{D8C16C99-9DDA-4F6A-B9ED-DAC615CB8E57}.Release|Win32.ActiveCfg = Release|Win32
		{D8C16C99-9DDA-4F6A-B9ED-DAC615CB8E57}.Release|Win32.Build.0 = Release|Win32
		{990E2A2C-5636-4CA9-961A-86819DE29FF7}.Debug|Win32.ActiveCfg = Debug|Win32
		{990E2A2C-5636-4CA9-961A-86819DE29FF7}.Debug|Win32.Build.0 = Debug|Win32
		{990E2A2C-5636-4CA9-961A-86819DE29FF7}.Release|Win32.ActiveCfg = Release|Win32
		{990E2A2C-5636-4CA9-961A-86819DE29FF7}.Release|Win32.Build.0 = Release|Win32
		{469449F0-7B0B-4637-8898-97C995EB6A02}.Debug|Win32.ActiveCfg = Debug|Win32
		{469449F0-7B0B-4637-8898-97C995EB6A02}.Debug|Win32.Build.0 = Debug|Win32
		{469449F0-7B0B-4637-8898-97C995EB6A02}.Release|Win32.ActiveCfg = Release|Win32
		{469449F0-7B0B-4637-8898-97C995EB6A02}.Release|Win32.Build.0 = Release|Win32
		{3C37845E-67C6-41C8-9413-CFBA165BE828}.Debug|Win32.ActiveCfg = Debug|Win32
		{3C37845E-67C6-41C8-9413-CFBA165BE828}.Debug|Win32.Build.0 = Debug|Win32
		{3C37845E-67C6-41C8-9413-CFBA165BE828}.Release|Win32.ActiveCfg = Release|Win32
		{3C37845E-67C6-41C8-9413-CFBA165BE828}.Release|Win32.Build.0 = Release|Win32
		{9B8115A5-8BD9-4F34-BD70-CBDE88D5524F}.Debug|Win32.ActiveCfg = Debug|Win32
		{9B8115A5-8BD9-4F34-BD70-CBDE88D5524F}.Debug|Win32.Build.0 = Debug|Win32
		{9B8115A5-8BD9-4F34-BD70-CBDE88D5524F}.Release|Win32.ActiveCfg = Release|Win32
		{9B8115A5-8BD9-4F34-BD70-CBDE88D5524F}.Release|Win32.Build.0 = Release|Win32
		{DC5C6EB3-3D89-4D85-99AA-A00E39D89869}.Debug|Win32.ActiveCfg = Debug|Win32
		{DC5C6EB3-3D89-4D85-99AA-A00E39D89869}.Debug|Win32.Build.0 = Debug|Win32
		{DC5C6EB3-3D89-4D85-99AA-A00E39D89869}.Release|Win32.ActiveCfg = Release|Win32
		{DC5C6EB3-3D89-4D85-99AA-A00E39D89869}.Release|Win32.Build.0 = Release|Win32
		{AD313C2E-409C-4B21-A7E1-97E5692A0696}.Debug|Win32.ActiveCfg = Debug|Win32
		{AD313C2E-409C-4B21-A7E1-97E5692A0696}.Debug|Win32.Build.0 = Debug|Win32
		{AD313C2E-409C-4B21-A7E1-97E5692A0696}.Release|Win32.ActiveCfg = Release|Win32
		{AD313C2E-409C-4B21-A7E1-97E5692A0696}.Release|Win32.Build.0 = Release|Win32
		{17544509-32F2-45AD-89FF-2D8506F74C50}.Debug|Win32.ActiveCfg = Debug|Win32
		{17544509-32F2-45AD-89FF-2D8506F74C50}.Debug|Win32.Build.0 = Debug|Win32
		{17544509-32F2-45AD-89FF-2D8506F74C50}.Release|Win32.ActiveCfg = Release|Win32
		{17544509-32F2-45AD-89FF-2D8506F74C50}.Release|Win32.Build.0 = Release|Win32
		{DD48EE4C-D2E3-4845-94E7-69874FC5C091}.Debug|Win32.ActiveCfg = Debug|Win32
		{DD48EE4C-D2E3-4845-94E7-69874FC5C091}.Debug|Win32.Build.0 = Debug|Win32
		{DD48EE4C-D2E3-4845-94E7-69874FC5C091}.Release|Win32.ActiveCfg = Release|Win32
		{DD48EE4C-D2E3-4845-94E7-69874FC5C091}.Release|Win32.Build.0 = Release|Win32
		{F1793704-4357-4651-BC1F-E33FB0E947A1}.Debug|Win32.ActiveCfg = Debug|Win32
		{F1793704-4357-4651-BC1F-E33FB0E947A1}.Debug|Win32.Build.0 = Debug|Win32
		{F1793704-4357-4651-BC1F-E33FB0E947A1}.Release|Win32.ActiveCfg = Release|Win32
		{F1793704-4357-4651-BC1F-E33FB0E947A1}.Release|Win32.Build.0 = Release|Win32
		{0430E0CC-86D3-4548-A6B2-52139E4A2A64}.Debug|Win32.ActiveCfg = Debug|Win32
		{0430E0CC-86D3-4548-A6B2-52139E4A2A64}.Debug|Win32.Build.0 = Debug|Win32
		{0430E0CC-86D3-4548-A6B2-52139E4A2A64}.Release|Win32.ActiveCfg = Release|Win32
		{0430E0CC-86D3-4548-A6B2-52139E4A2A64}.Release|Win32.Build.0 = Release|Win32
		{24D7ED11-B08D-4570-9DF6-D4CC1A03680C}.Debug|Win32.ActiveCfg = Debug|Win32
		{24D7ED11-B08D-4570-9DF6-D4CC1A03680C}.Debug|Win32.Build.0 = Debug|Win32
		{24D7ED11-B08D-4570-9DF6-D4CC1A03680C}.Release|Win32.ActiveCfg = Release|Win32
		{24D7ED11-B08D-4570-9DF6-D4CC1A03680C}.Release|Win32.Build.0 = Release|Win32
		{A839FF5B-1164-4155-8530-C1E960F551EE}.Debug|Win32.ActiveCfg = Debug|Win32
		{A839FF5B-1164-4155-8530-C1E960F551EE}.Debug|Win32.Build.0 = Debug|Win32
		{A839FF5B-1164-4155-8530-C1E960F551EE}.Release|Win32.ActiveCfg = Release|Win32
		{A839FF5B-1164-4155-8530-C1E960F551EE}.Release|Win32.Build.0 = Release|Win32
		{4577FD7B-CD61-46CF-9627-B273BC355AC8}.Debug|Win32.ActiveCfg = Debug|Win32
		{4577FD7B-CD61-46CF-9627-B273BC355AC8}.Debug|Win32.Build.0 = Debug|Win32
		{4577FD7B-CD61-46CF-9627-B273BC355AC8}.Release|Win32.ActiveCfg = Release|Win32
		{4577FD7B-CD61-46CF-9627-B273BC355AC8}.Release|Win32.Build.0 = Release|Win32
		{17DB7FE9-C32F-437A-A821-9E08451E85DA}.Debug|Win32.ActiveCfg = Debug|Win32
		{17DB7FE9-C32F-437A-A821-9E08451E85DA}.Debug|Win32.Build.0 = Debug|Win32
		{17DB7FE9-C32F-437A-A821-9E08451E85DA}.Release|Win32.ActiveCfg = Release|Win32
		{17DB7FE9-C32F-437A-A821-9E08451E85DA}.Release|Win32.Build.0 = Release|Win32
		{C9FEEB71-B900-4CFE-BE11-54AE748892DD}.Debug|Win32.ActiveCfg = Debug|Win32
		{C9FEEB71-B900-4CFE-BE11-54AE748892DD}.Debug|Win32.Build.0 = Debug|Win32
		{C9FEEB71-B900-4CFE-BE11-54AE748892DD}.Release|Win32.ActiveCfg = Release|Win32
		{C9FEEB71-B900-4CFE-BE11-54AE748892DD}.Release|Win32.Build.0 = Release|Win32
		{65CD4215-0DD9-4434-9850-D0B83DC190DB}.Debug|Win32.ActiveCfg = Debug|Win32
		{65CD4215-0DD9-4434-9850-D0B83DC190DB}.Debug|Win32.Build.0 = Debug|Win32
		{65CD4215-0DD9-4434-9850-D0B83DC190DB}.Release|Win32.ActiveCfg = Release|Win32
		{65CD4215-0DD9-4434-9850-D0B83DC190DB}.Release|Win32.Build.0 = Release|Win32
		{F49BEC7B-3F1C-400C-A881-07391F759DE1}.Debug|Win32.ActiveCfg = Debug|Win32
		{F49BEC7B-3F1C-400C-A881-07391F759DE1}.Debug|Win32.Build.0 = Debug|Win32
		{F49BEC7B-3F1C-400C-A881-07391F759DE1}.Release|Win32.ActiveCfg = Release|Win32
		{F49BEC7B-3F1C-400C-A881-07391F759DE1}.Release|Win32.Build.0 = Release|Win32
		{A809BE98-8386-4750-84F9-61DF1DDBA98A}.Debug|Win32.ActiveCfg = Debug|Win32
		{A809BE98-8386-4750-84F9-61DF1DDBA98A}.Debug|Win32.Build.0 = Debug|Win32
		{A809BE98-8386-4750-84F9-61DF1DDBA98A}.Release|Win32.ActiveCfg = Release|Win32
		{A809BE98-8386-4750-84F9-61DF1DDBA98A}.Release|Win32.Build.0 = Release|Win32
		{52393947-73B8-456C-8E33-74E05A79EFC6}.Debug|Win32.ActiveCfg = Debug|Win32
		{52393947-73B8-456C-8E33-74E05A79EFC6}.Debug|Win32.Build.0 = Debug|Win32
		{52393947-73B8-456C-8E33-74E05A79EFC6}.Release|Win32.ActiveCfg = Release|Win32
		{52393947-73B8-456C-8E33-74E05A79EFC6}.Release|Win32.Build.0 = Release|Win32
		{DDB033A7-217F-4A1A-A352-35946C926477}.Debug|Win32.ActiveCfg = Debug|Win32
		{DDB033A7-217F-4A1A-A352-35946C926477}.Debug|Win32.Build.0 = Debug|Win32
		{DDB033A7-217F-4A1A-A352-35946C926477}.Release|Win32.ActiveCfg = Release|Win32
		{DDB033A7-217F-4A1A-A352-35946C926477}.Release|Win32.Build.0 = Release|Win32
		{22E5DB5B-093A-442B-8ECF-1D3D4F21E48C}.Debug|Win32.ActiveCfg = Debug|Win32
		{22E5DB5B-093A-442B-8ECF-1D3D4F21E48C}.Debug|Win32.Build.0 = Debug|Win32
		{22E5DB5B-093A-442B-8ECF-1D3D4F21E48C}.Release|Win32.ActiveCfg = Release|Win32
		{22E5DB5B-093A-442B-8ECF-1D3D4F21E48C}.Release|Win32.Build.0 = Release|Win32
		{3AA5236D-6BA7-49C8-88E6-FEB4274A1258}.Debug|Win32.ActiveCfg = Debug|Win32
		{3AA5236D-6BA7-49C8-88E6-FEB4274A1258}.Debug|Win32.Build.0 = Debug|Win32
		{3AA5236D-6BA7-49C8-88E6-FEB4274A1258}.Release|Win32.ActiveCfg = Release|Win32
		{3AA5236D-6BA7-49C8-88E6-FEB4274A1258}.Release|Win32.Build.0 = Release|Win32
		{3CB3563B-5928-435A-A6D2-B5C62C4C7FF8}.Debug|Win32.ActiveCfg = Debug|Win32
		{3CB3563B-5928-435A-A6D2-B5C62C4C7FF8}.Debug|Win32.Build.0 = Debug|Win32
		{3CB3563B-5928-435A-A6D2-B5C62C4C7FF8}.Release|Win32.ActiveCfg = Release|Win32
		{3CB3563B-5928-435A-A6D2-B5C62C4C7FF8}.Release|Win32.Build.0 = Release|Win32
		{0F7A166F-39E7-4B3C-8153-E7BDB89750A0}.Debug|Win32.ActiveCfg = Debug|Win32
		{0F7A166F-39E7-4B3C-8153-E7BDB89750A0}.Debug|Win32.Build.0 = Debug|Win32
		{0F7A166F-39E7-4B3C-8153-E7BDB89750A0}.Release|Win32.ActiveCfg = Release|Win32
		{0F7A166F-39E7-4B3C-8153-E7BDB89750A0}.Release|Win32.Build.0 = Release|Win32
		{075FD975-F3C8-491D-98FD-8631509C0478}.Debug|Win32.ActiveCfg = Debug|Win32
		{075FD975-F3C8-491D-98FD-8631509C0478}.Debug|Win32.Build.0 = Debug|Win32
		{075FD975-F3C8-491D-98FD-8631509C0478}.Release|Win32.ActiveCfg = Release|Win32
		{075FD975-F3C8-491D-98FD-8631509C0478}.Release|Win32.Build.0 = Release|Win32
		{3742A357-D36C-472F-BD88-E867D3B2650E}.Debug|Win32.ActiveCfg = Debug|Win32
		{3742A357-D36C-472F-BD88-E867D3B2650E}.Debug|Win32.Build.0 = Debug|Win32
		{3742A357-D36C-472F-BD88-E867D3B2650E}.Release|Win32.ActiveCfg = Release|Win32
		{3742A357-D36C-472F-BD88-E867D3B2650E}.Release|Win32.Build.0 = Release|Win32
		{5EDA9925-43AE-4321-B487-C47DDE05AC19}.Debug|Win32.ActiveCfg = Debug|Win32
		{5EDA9925-43AE-4321-B487-C47DDE05AC19}.Debug|Win32.Build.0 = Debug|Win32
		{5EDA9925-43AE-4321-B487-C47DDE05AC19}.Release|Win32.ActiveCfg = Release|Win32
		{5EDA9925-43AE-4321-B487-C47DDE05AC19}.Release|Win32.Build.0 = Release|Win32
		{16D8EBDB-1713-42E9-80C9-136806A1FABC}.Debug|Win32.ActiveCfg = Debug|Win32
		{16D8EBDB-1713-42E9-80C9-136806A1FABC}.Debug|Win32.Build.0 = Debug|Win32
		{16D8EBDB-1713-42E9-80C9-136806A1FABC}.Release|Win32.ActiveCfg = Release|Win32
		{16D8EBDB-1713-42E9-80C9-136806A1FABC}.Release|Win32.Build.0 = Release|Win32
		{AE854F48-5EA9-4894-83AB-A3A4E0D6672C}.Debug|Win32.ActiveCfg = Debug|Win32
		{AE854F48-5EA9-4894-83AB-A3A4E0D6672C}.Debug|Win32.Build.0 = Debug|Win32
		{AE854F48-5EA9-4894-83AB-A3A4E0D6672C}.Release|Win32.ActiveCfg = Release|Win32
		{AE854F48-5EA9-4894-83AB-A3A4E0D6672C}.Release|Win32.Build.0 = Release|Win32
		{0B2CAA06-3096-4DD4-86B4-0B0EFAD4A306}.Debug|Win32.ActiveCfg = Debug|Win32
		{0B2CAA06-3096-4DD4-86B4-0B0EFAD4A306}.Debug|Win32.Build.0 = Debug|Win32
		{0B2CAA06-3096-4DD4-86B4-0B0EFAD4A306}.Release|Win32.ActiveCfg = Release|Win32
		{0B2CAA06-3096-4DD4-86B4-0B0EFAD4A306}.Release|Win32.Build.0 = Release|Win32
		{A7F431D3-6441-42EE-B0F5-39C25C576E93}.Debug|Win32.ActiveCfg = Debug|Win32
		{A7F431D3-6441-42EE-B0F5-39C25C576E93}.Debug|Win32.Build.0 = Debug|Win32
		{A7F431D3-6441-42EE-B0F5-39C25C576E93}.Release|Win32.ActiveCfg = Release|Win32
		{A7F431D3-6441-42EE-B0F5-39C25C576E93}.Release|Win32.Build.0 = Release|Win32
		{86326D7F-7B6F-4F46-83AB-2CD1745791ED}.Debug|Win32.ActiveCfg = Debug|Win32
		{86326D7F-7B6F-4F46-83AB-2CD1745791ED}.Debug|Win32.Build.0 = Debug|Win32
		{86326D7F-7B6F-4F46-83AB-2CD1745791ED}.Release|Win32.ActiveCfg = Release|Win32
		{86326D7F-7B6F-4F46-83AB-2CD1745791ED}.Release|Win32.Build.0 = Release|Win32
		{CA94D035-6AC1-4B64-BB79-ADAB88067E98}.Debug|Win32.ActiveCfg = Debug|Win32
		{CA94D035-6AC1-4B64-BB79-ADAB88067E98}.Debug|Win32.Build.0 = Debug|Win32
		{CA94D035-6AC1-4B64-BB79-ADAB88067E98}.Release|Win32.ActiveCfg = Release|Win32
		{CA94D035-6AC1-4B64-BB79-ADAB88067E98}.Release|Win32.Build.0 = Release|Win32
		{3FF56B7A-89E5-4D02-9FDD-29919FA76CDD}.Debug|Win32.ActiveCfg = Debug|Win32
		{3FF56B7A-89E5-4D02-9FDD-29919FA76CDD}.Debug|Win32.Build.0 = Debug|Win32
		{3FF56B7A-89E5-4D02-9FDD-29919FA76CDD}.Release|Win32.ActiveCfg = Release|Win32
		{3FF56B7A-89E5-4D02-9FDD-29919FA76CDD}.Release|Win32.Build.0 = Release|Win32
		{823E6BCC-9B4C-4BD1-9F6A-20406395A177}.Debug|Win32.ActiveCfg = Debug|Win32
		{823E6BCC-9B4C-4BD1-9F6A-20406395A177}.Debug|Win32.Build.0 = Debug|Win32
		{823E6BCC-9B4C-4BD1-9F6A-20406395A177}.Release|Win32.ActiveCfg = Release|Win32
		{823E6BCC-9B4C-4BD1-9F6A-20406395A177}.Release|Win32.Build.0 = Release|Win32
		{071160A5-D7EC-43A3-8D07-AF9A5FDDE0D4}.Debug|Win32.ActiveCfg = Debug|Win32
		{071160A5-D7EC-43A3-8D07-AF9A5FDDE0D4}.Debug|Win32.Build.0 = Debug|Win32
		{071160A5-D7EC-43A3-8D07-AF9A5FDDE0D4}.Release|Win32.ActiveCfg = Release|Win32
		{071160A5-D7EC-43A3-8D07-AF9A5FDDE0D4}.Release|Win32.Build.0 = Release|Win32
		{80FF2BD7-78D3-4F0F-8644-B75F53D313BB}.Debug|Win32.ActiveCfg = Debug|Win32
		{80FF2BD7-78D3-4F0F-8644-B75F53D313BB}.Debug|Win32.Build.0 = Debug|Win32
		{80FF2BD7-78D3-4F0F-8644-B75F53D313BB}.Release|Win32.ActiveCfg = Release|Win32
		{80FF2BD7-78D3-4F0F-8644-B75F53D313BB}.Release|Win32.Build.0 = Release|Win32
		{33C4980F-4A2A-42FB-A60D-35E59ABD1E01}.Debug|Win32.ActiveCfg = Debug|Win32
		{33C4980F-4A2A-42FB-A60D-35E59ABD1E01}.Debug|Win32.Build.0 = Debug|Win32
		{33C4980F-4A2A-42FB-A60D-35E59ABD1E01}.Release|Win32.ActiveCfg = Release|Win32
		{33C4980F-4A2A-42FB-A60D-35E59ABD1E01}.Release|Win32.Build.0 = Release|Win32
		{8FDE27BC-40BE-4F61-BC9E-BF788CA3011D}.Debug|Win32.ActiveCfg = Debug|Win32
		{8FDE27BC-40BE-4F61-BC9E-BF788CA3011D}.Debug|Win32.Build.0 = Debug|Win32
		{8FDE27BC-40BE-4F61-BC9E-BF788CA3011D}.Release|Win32.ActiveCfg = Release|Win32
		{8FDE27BC-40BE-4F61-BC9E-BF788CA3011D}.Release|Win32.Build.0 = Release|Win32
		{35A90F2A-36E3-4B3E-92E9-4B999DBDFCE6}.Debug|Win32.ActiveCfg = Debug|Win32
		{35A90F2A-36E3-4B3E-92E9-4B999DBDFCE6}.Debug|Win32.Build.0 = Debug|Win32
		{35A90F2A-36E3-4B3E-92E9-4B999DBDFCE6}.Release|Win32.ActiveCfg = Release|Win32
		{35A90F2A-36E3-4B3E-92E9-4B999DBDFCE6}.Release|Win32.Build.0 = Release|Win32
		{0BCCA663-D3C5-4C64-A3DD-B4F0F4C67FF8}.Debug|Win32.ActiveCfg = Debug|Win32
		{0BCCA663-D3C5-4C64-A3DD-B4F0F4C67FF8}.Debug|Win32.Build.0 = Debug|Win32
		{0BCCA663-D3C5-4C64-A3DD-B4F0F4C67FF8}.Release|Win32.ActiveCfg = Release|Win32
		{0BCCA663-D3C5-4C64-A3DD-B4F0F4C67FF8}.Release|Win32.Build.0 = Release|Win32
		{D66707E9-2E51-4400-9C41-6646C19344C9}.Debug|Win32.ActiveCfg = Debug|Win32
		{D66707E9-2E51-4400-9C41-6646C19344C9}.Debug|Win32.Build.0 = Debug|Win32
		{D66707E9-2E51-4400-9C41-6646C19344C9}.Release|Win32.ActiveCfg = Release|Win32
		{D66707E9-2E51-4400-9C41-6646C19344C9}.Release|Win32.Build.0 = Release|Win32
		{A96B2780-955F-4528-8B0E-F6E33C78DD4B}.Debug|Win32.ActiveCfg = Debug|Win32
		{A96B2780-955F-4528-8B0E-F6E33C78DD4B}.Debug|Win32.Build.0 = Debug|Win32
		{A96B2780-955F-4528-8B0E-F6E33C78DD4B}.Release|Win32.ActiveCfg = Release|Win32
		{A96B2780-955F-4528-8B0E-F6E33C78DD4B}.Release|Win32.Build.0 = Release|Win32
		{9F391EEF-E1C8-482E-8A53-34ADB60FB56A}.Debug|Win32.ActiveCfg = Debug|Win32
		{9F391EEF-E1C8-482E-8A53-34ADB60FB56A}.Debug|Win32.Build.0 = Debug|Win32
		{9F391EEF-E1C8-482E-8A53-34ADB60FB56A}.Release|Win32.ActiveCfg = Release|Win32
		{9F391EEF-E1C8-482E-8A53-34ADB60FB56A}.Release|Win32.Build.0 = Release|Win32
		{927797A7-BB98-423A-9529-FCA5395FB356}.Debug|Win32.ActiveCfg = Debug|Win32
		{927797A7-BB98-423A-9529-FCA5395FB356}.Debug|Win32.Build.0 = Debug|Win32
		{927797A7-BB98-423A-9529-FCA5395FB356}.Release|Win32.ActiveCfg = Release|Win32
		{927797A7-BB98-423A-9529-FCA5395FB356}.Release|Win32.Build.0 = Release|Win32
		{AEC66C3E-BE76-4B37-88EA-D4DF64F75C82}.Debug|Win32.ActiveCfg = Debug|Win32
		{AEC66C3E-BE76-4B37-88EA-D4DF64F75C82}.Debug|Win32.Build.0 = Debug|Win32
		{AEC66C3E-BE76-4B37-88EA-D4DF64F75C82}.Release|Win32.ActiveCfg = Release|Win32
		{AEC66C3E-BE76-4B37-88EA-D4DF64F75C82}.Release|Win32.Build.0 = Release|Win32
		{72DFEC7F-80B0-44E7-B739-86F38CA0F5C4}.Debug|Win32.ActiveCfg = Debug|Win32
		{72DFEC7F-80B0-44E7-B739-86F38CA0F5C4}.Debug|Win32.Build.0 = Debug|Win32
		{72DFEC7F-80B0-44E7-B739-86F38CA0F5C4}.Release|Win32.ActiveCfg = Release|Win32
		{72DFEC7F-80B0-44E7-B739-86F38CA0F5C4}.Release|Win32.Build.0 = Release|Win32
		{44C01A76-A71A-4DC5-9DE0-F7054ED174C3}.Debug|Win32.ActiveCfg = Debug|Win32
		{44C01A76-A71A-4DC5-9DE0-F7054ED174C3}.Debug|Win32.Build.0 = Debug|Win32
		{44C01A76-A71A-4DC5-9DE0-F7054ED174C3}.Release|Win32.ActiveCfg = Release|Win32
		{44C01A76-A71A-4DC5-9DE0-F7054ED174C3}.Release|Win32.Build.0 = Release|Win32
		{DB155213-2183-42F9-9F07-F4A0E5871946}.Debug|Win32.ActiveCfg = Debug|Win32
		{DB155213-2183-42F9-9F07-F4A0E5871946}.Debug|Win32.Build.0 = Debug|Win32
		{DB155213-2183-42F9-9F07-F4A0E5871946}.Release|Win32.ActiveCfg = Release|Win32
		{DB155213-2183-42F9-9F07-F4A0E5871946}.Release|Win32.Build.0 = Release|Win32
		{414EA95C-BFC5-45B7-8CB0-B4A55FC0FFD5}.Debug|Win32.ActiveCfg = Debug|Win32
		{414EA95C-BFC5-45B7-8CB0-B4A55FC0FFD5}.Debug|Win32.Build.0 = Debug|Win32
		{414EA95C-BFC5-45B7-8CB0-B4A55FC0FFD5}.Release|Win32.ActiveCfg = Release|Win32
		{414EA95C-BFC5-45B7-8CB0-B4A55FC0FFD5}.Release|Win32.Build.0 = Release|Win32
		{FB5EFAFB-A1A7-417C-9403-155CEF697B14}.Debug|Win32.ActiveCfg = Debug|Win32
		{FB5EFAFB-A1A7-417C-9403-155CEF697B14}.Debug|Win32.Build.0 = Debug|Win32
		{FB5EFAFB-A1A7-417C-9403-155CEF697B14}.Release|Win32.ActiveCfg = Release|Win32
		{FB5EFAFB-A1A7-417C-9403-155CEF697B14}.Release|Win32.Build.0 = Release|Win32
		{BC826F6C-2B24-4192-8E66-4AE1D8A567D8}.Debug|Win32.ActiveCfg = Debug|Win32
		{BC826F6C-2B24-4192-8E66-4AE1D8A567D8}.Debug|Win32.Build.0 = Debug|Win32
		{BC826F6C-2B24-4192-8E66-4AE1D8A567D8}.Release|Win32.ActiveCfg = Release|Win32
		{BC826F6C-2B24-4192-8E66-4AE1D8A567D8}.Release|Win32.Build.0 = Release|Win32
		{EDFDBFC6-A426-434F-BC98-92E4ABC73EBE}.Debug|Win32.ActiveCfg = Debug|Win32
		{EDFDBFC6-A426-434F-BC98-92E4ABC73EBE}.Debug|Win32.Build.0 = Debug|Win32
		{EDFDBFC6-A426-434F-BC98-92E4ABC73EBE}.Release|Win32.ActiveCfg = Release|Win32
		{EDFDBFC6-A426-434F-BC98-92E4ABC73EBE}.Release|Win32.Build.0 = Release|Win32
		{B6E3B600-E59B-4860-9C67-3486F8A9822D}.Debug|Win32.ActiveCfg = Debug|Win32
		{B6E3B600-E59B-4860-9C67-3486F8A9822D}.Debug|Win32.Build.0 = Debug|Win32
		{B6E3B600-E59B-4860-9C67-3486F8A9822D}.Release|Win32.ActiveCfg = Release|Win32
		{B6E3B600-E59B-4860-9C67-3486F8A9822D}.Release|Win32.Build.0 = Release|Win32
		{68512C26-29EF-4D73-AA53-6CDEB3B8BF24}.Debug|Win32.ActiveCfg = Debug|Win32
		{68512C26-29EF-4D73-AA53-6CDEB3B8BF24}.Debug|Win32.Build.0 = Debug|Win32
		{68512C26-29EF-4D73-AA53-6CDEB3B8BF24}.Release|Win32.ActiveCfg = Release|Win32
		{68512C26-29EF-4D73-AA53-6CDEB3B8BF24}.Release|Win32.Build.0 = Release|Win32
		{24747B46-41D4-4AB9-8D71-6BFA6D1CF2D3}.Debug|Win32.ActiveCfg = Debug|Win32
		{24747B46-41D4-4AB9-8D71-6BFA6D1CF2D3}.Debug|Win32.Build.0 = Debug|Win32
		{24747B46-41D4-4AB9-8D71-6BFA6D1CF2D3}.Release|Win32.ActiveCfg = Release|Win32
		{24747B46-41D4-4AB9-8D71-6BFA6D1CF2D3}.Release|Win32.Build.0 = Release|Win32
		{AADC87F1-9E7E-4993-86ED-1E42DFF83B8A}.Debug|Win32.ActiveCfg = Debug|Win32
		{AADC87F1-9E7E-4993-86ED-1E42DFF83B8A}.Debug|Win32.Build.0 = Debug|Win32
		{AADC87F1-9E7E-4993-86ED-1E42DFF83B8A}.Release|Win32.ActiveCfg = Release|Win32
		{AADC87F1-9E7E-4993-86ED-1E42DFF83B8A}.Release|Win32.Build.0 = Release|Win32
		{1025870F-E111-47FF-827A-264766606FF4}.Debug|Win32.ActiveCfg = Debug|Win32
		{1025870F-E111-47FF-827A-264766606FF4}.Debug|Win32.Build.0 = Debug|Win32
		{1025870F-E111-47FF-827A-264766606FF4}.Release|Win32.ActiveCfg = Release|Win32
		{1025870F-E111-47FF-827A-264766606FF4}.Release|Win32.Build.0 = Release|Win32
		{CB37AA97-C128-431D-9EA7-2067988ABC5A}.Debug|Win32.ActiveCfg = Debug|Win32
		{CB37AA97-C128-431D-9EA7-2067988ABC5A}.Debug|Win32.Build.0 = Debug|Win32
		{CB37AA97-C128-431D-9EA7-2067988ABC5A}.Release|Win32.ActiveCfg = Release|Win32
		{CB37AA97-C128-431D-9EA7-2067988ABC5A}.Release|Win32.Build.0 = Release|Win32
		{E4E0CEA8-6CFF-40D6-8629-1A9F254C96EA}.Debug|Win32.ActiveCfg = Debug|Win32
		{E4E0CEA8-6CFF-40D6-8629-1A9F254C96EA}.Debug|Win32.Build.0 = Debug|Win32
		{E4E0CEA8-6CFF-40D6-8629-1A9F254C96EA}.Release|Win32.ActiveCfg = Release|Win32
		{E4E0CEA8-6CFF-40D6-8629-1A9F254C96EA}.Release|Win32.Build.0 = Release|Win32
		{C0BF0256-4B6C-4FFE-B08E-88B36B8BACCB}.Debug|Win32.ActiveCfg = Debug|Win32
		{C0BF0256-4B6C-4FFE-B08E-88B36B8BACCB}.Debug|Win32.Build.0 = Debug|Win32
		{C0BF0256-4B6C-4FFE-B08E-88B36B8BACCB}.Release|Win32.ActiveCfg = Release|Win32
		{C0BF0256-4B6C-4FFE-B08E-88B36B8BACCB}.Release|Win32.Build.0 = Release|Win32
	EndGlobalSection
	GlobalSection(SolutionProperties) = preSolution
		HideSolutionNode = FALSE
	EndGlobalSection
	GlobalSection(NestedProjects) = preSolution
		{AD2DBBD8-63C4-419E-BD46-0E1EFE254A82} = {FC7E2030-EDBA-41DB-B273-8E79875C80D6}
		{C2637046-DF97-46AD-98C9-5CAB1DA06075} = {FC7E2030-EDBA-41DB-B273-8E79875C80D6}
		{A91C72A1-74F3-4BBC-9714-5C38A06762AD} = {FC7E2030-EDBA-41DB-B273-8E79875C80D6}
		{BF5C8B63-63DD-4D15-8B56-F397D4C009A9} = {FC7E2030-EDBA-41DB-B273-8E79875C80D6}
		{8757DD26-9240-43BB-9EA9-D4B6E5AB0EEE} = {FC7E2030-EDBA-41DB-B273-8E79875C80D6}
		{7D60E2B7-4953-46AA-A6C7-85F84B033476} = {A84A15E7-0E39-49A6-918D-108203F2C483}
		{7E0292A6-F7D1-4078-82E1-67A1FAFB21D0} = {A84A15E7-0E39-49A6-918D-108203F2C483}
		{91D86923-24C3-43D8-8151-9121106A5AFD} = {28C8B5B8-5613-4021-AB7F-85FACA8F9A52}
		{21DBF611-D956-4F7C-830C-649F7CA58F9E} = {FF22F6EA-0D51-464B-A3AE-224281C7E02F}
		{97374542-16C0-4C73-A363-237750B0426F} = {FF22F6EA-0D51-464B-A3AE-224281C7E02F}
		{321DD606-E749-4C9E-B318-07D9432AF226} = {C31B4F04-3788-427F-BEC6-A308D066506F}
		{D29DBF67-67C0-4800-A19C-F152A1C05429} = {C31B4F04-3788-427F-BEC6-A308D066506F}
		{427FBA24-7CFE-4527-96C3-D13945C78F6F} = {C31B4F04-3788-427F-BEC6-A308D066506F}
		{9EB1310F-9A42-4BF0-9426-A0549375FBA7} = {C31B4F04-3788-427F-BEC6-A308D066506F}
		{C34FC53E-9940-4D09-B84E-20A2893EF425} = {C31B4F04-3788-427F-BEC6-A308D066506F}
		{51F6888D-6514-4281-8C20-972475F8379E} = {C31B4F04-3788-427F-BEC6-A308D066506F}
		{F962CE64-C785-4B21-9B63-36401E28179C} = {C31B4F04-3788-427F-BEC6-A308D066506F}
		{D8C16C99-9DDA-4F6A-B9ED-DAC615CB8E57} = {C31B4F04-3788-427F-BEC6-A308D066506F}
		{990E2A2C-5636-4CA9-961A-86819DE29FF7} = {C31B4F04-3788-427F-BEC6-A308D066506F}
		{469449F0-7B0B-4637-8898-97C995EB6A02} = {C31B4F04-3788-427F-BEC6-A308D066506F}
		{3C37845E-67C6-41C8-9413-CFBA165BE828} = {C31B4F04-3788-427F-BEC6-A308D066506F}
		{9B8115A5-8BD9-4F34-BD70-CBDE88D5524F} = {C31B4F04-3788-427F-BEC6-A308D066506F}
		{DC5C6EB3-3D89-4D85-99AA-A00E39D89869} = {C31B4F04-3788-427F-BEC6-A308D066506F}
		{AD313C2E-409C-4B21-A7E1-97E5692A0696} = {C31B4F04-3788-427F-BEC6-A308D066506F}
		{17544509-32F2-45AD-89FF-2D8506F74C50} = {C31B4F04-3788-427F-BEC6-A308D066506F}
		{DD48EE4C-D2E3-4845-94E7-69874FC5C091} = {C31B4F04-3788-427F-BEC6-A308D066506F}
		{F1793704-4357-4651-BC1F-E33FB0E947A1} = {C31B4F04-3788-427F-BEC6-A308D066506F}
		{0430E0CC-86D3-4548-A6B2-52139E4A2A64} = {C31B4F04-3788-427F-BEC6-A308D066506F}
		{24D7ED11-B08D-4570-9DF6-D4CC1A03680C} = {C31B4F04-3788-427F-BEC6-A308D066506F}
		{A839FF5B-1164-4155-8530-C1E960F551EE} = {C31B4F04-3788-427F-BEC6-A308D066506F}
		{4577FD7B-CD61-46CF-9627-B273BC355AC8} = {321DD606-E749-4C9E-B318-07D9432AF226}
		{17DB7FE9-C32F-437A-A821-9E08451E85DA} = {321DD606-E749-4C9E-B318-07D9432AF226}
		{C9FEEB71-B900-4CFE-BE11-54AE748892DD} = {FA548C72-CC42-4EFE-8D37-687F9CDCAC62}
		{65CD4215-0DD9-4434-9850-D0B83DC190DB} = {FA548C72-CC42-4EFE-8D37-687F9CDCAC62}
		{F49BEC7B-3F1C-400C-A881-07391F759DE1} = {FA548C72-CC42-4EFE-8D37-687F9CDCAC62}
		{A809BE98-8386-4750-84F9-61DF1DDBA98A} = {FA548C72-CC42-4EFE-8D37-687F9CDCAC62}
		{52393947-73B8-456C-8E33-74E05A79EFC6} = {FA548C72-CC42-4EFE-8D37-687F9CDCAC62}
		{6DC9F565-7DC1-41CB-8BD9-E6EC9C89D44B} = {FA548C72-CC42-4EFE-8D37-687F9CDCAC62}
		{DDB033A7-217F-4A1A-A352-35946C926477} = {FA548C72-CC42-4EFE-8D37-687F9CDCAC62}
		{075FD975-F3C8-491D-98FD-8631509C0478} = {FA548C72-CC42-4EFE-8D37-687F9CDCAC62}
		{823E6BCC-9B4C-4BD1-9F6A-20406395A177} = {FA548C72-CC42-4EFE-8D37-687F9CDCAC62}
		{33C4980F-4A2A-42FB-A60D-35E59ABD1E01} = {FA548C72-CC42-4EFE-8D37-687F9CDCAC62}
		{8FDE27BC-40BE-4F61-BC9E-BF788CA3011D} = {FA548C72-CC42-4EFE-8D37-687F9CDCAC62}
		{22E5DB5B-093A-442B-8ECF-1D3D4F21E48C} = {6DC9F565-7DC1-41CB-8BD9-E6EC9C89D44B}
		{3AA5236D-6BA7-49C8-88E6-FEB4274A1258} = {6DC9F565-7DC1-41CB-8BD9-E6EC9C89D44B}
		{3CB3563B-5928-435A-A6D2-B5C62C4C7FF8} = {6DC9F565-7DC1-41CB-8BD9-E6EC9C89D44B}
		{0F7A166F-39E7-4B3C-8153-E7BDB89750A0} = {6DC9F565-7DC1-41CB-8BD9-E6EC9C89D44B}
		{3742A357-D36C-472F-BD88-E867D3B2650E} = {6DC9F565-7DC1-41CB-8BD9-E6EC9C89D44B}
		{5EDA9925-43AE-4321-B487-C47DDE05AC19} = {6DC9F565-7DC1-41CB-8BD9-E6EC9C89D44B}
		{16D8EBDB-1713-42E9-80C9-136806A1FABC} = {6DC9F565-7DC1-41CB-8BD9-E6EC9C89D44B}
		{AE854F48-5EA9-4894-83AB-A3A4E0D6672C} = {6DC9F565-7DC1-41CB-8BD9-E6EC9C89D44B}
		{0B2CAA06-3096-4DD4-86B4-0B0EFAD4A306} = {6DC9F565-7DC1-41CB-8BD9-E6EC9C89D44B}
		{A7F431D3-6441-42EE-B0F5-39C25C576E93} = {6DC9F565-7DC1-41CB-8BD9-E6EC9C89D44B}
		{86326D7F-7B6F-4F46-83AB-2CD1745791ED} = {6DC9F565-7DC1-41CB-8BD9-E6EC9C89D44B}
		{CA94D035-6AC1-4B64-BB79-ADAB88067E98} = {6DC9F565-7DC1-41CB-8BD9-E6EC9C89D44B}
		{3FF56B7A-89E5-4D02-9FDD-29919FA76CDD} = {6DC9F565-7DC1-41CB-8BD9-E6EC9C89D44B}
		{071160A5-D7EC-43A3-8D07-AF9A5FDDE0D4} = {6DC9F565-7DC1-41CB-8BD9-E6EC9C89D44B}
		{80FF2BD7-78D3-4F0F-8644-B75F53D313BB} = {6DC9F565-7DC1-41CB-8BD9-E6EC9C89D44B}
		{35A90F2A-36E3-4B3E-92E9-4B999DBDFCE6} = {6DC9F565-7DC1-41CB-8BD9-E6EC9C89D44B}
		{0BCCA663-D3C5-4C64-A3DD-B4F0F4C67FF8} = {6DC9F565-7DC1-41CB-8BD9-E6EC9C89D44B}
		{D66707E9-2E51-4400-9C41-6646C19344C9} = {6DC9F565-7DC1-41CB-8BD9-E6EC9C89D44B}
		{A96B2780-955F-4528-8B0E-F6E33C78DD4B} = {DDDAC29A-7DBE-41A6-9365-FFF896B902B3}
		{9F391EEF-E1C8-482E-8A53-34ADB60FB56A} = {DDDAC29A-7DBE-41A6-9365-FFF896B902B3}
		{927797A7-BB98-423A-9529-FCA5395FB356} = {DDDAC29A-7DBE-41A6-9365-FFF896B902B3}
		{AEC66C3E-BE76-4B37-88EA-D4DF64F75C82} = {DDDAC29A-7DBE-41A6-9365-FFF896B902B3}
		{72DFEC7F-80B0-44E7-B739-86F38CA0F5C4} = {DDDAC29A-7DBE-41A6-9365-FFF896B902B3}
		{44C01A76-A71A-4DC5-9DE0-F7054ED174C3} = {DDDAC29A-7DBE-41A6-9365-FFF896B902B3}
		{DB155213-2183-42F9-9F07-F4A0E5871946} = {0E4EDF9F-D87B-4FF1-ACA1-86701366AC0F}
		{C0BF0256-4B6C-4FFE-B08E-88B36B8BACCB} = {0E4EDF9F-D87B-4FF1-ACA1-86701366AC0F}
		{D984F3A1-615A-47FC-98DC-CD93145F9F8D} = {8FCCD7C2-8D6A-4B34-9900-675743B400F3}
		{86D91ADE-B0E9-402C-A1EE-BC9644ACD9A7} = {8FCCD7C2-8D6A-4B34-9900-675743B400F3}
		{364B1CDC-4E97-4741-8098-05361AAEE45A} = {8FCCD7C2-8D6A-4B34-9900-675743B400F3}
		{FB5EFAFB-A1A7-417C-9403-155CEF697B14} = {D984F3A1-615A-47FC-98DC-CD93145F9F8D}
		{BC826F6C-2B24-4192-8E66-4AE1D8A567D8} = {D984F3A1-615A-47FC-98DC-CD93145F9F8D}
		{EDFDBFC6-A426-434F-BC98-92E4ABC73EBE} = {D984F3A1-615A-47FC-98DC-CD93145F9F8D}
		{414EA95C-BFC5-45B7-8CB0-B4A55FC0FFD5} = {D984F3A1-615A-47FC-98DC-CD93145F9F8D}
		{B6E3B600-E59B-4860-9C67-3486F8A9822D} = {86D91ADE-B0E9-402C-A1EE-BC9644ACD9A7}
		{68512C26-29EF-4D73-AA53-6CDEB3B8BF24} = {86D91ADE-B0E9-402C-A1EE-BC9644ACD9A7}
		{24747B46-41D4-4AB9-8D71-6BFA6D1CF2D3} = {86D91ADE-B0E9-402C-A1EE-BC9644ACD9A7}
		{AADC87F1-9E7E-4993-86ED-1E42DFF83B8A} = {86D91ADE-B0E9-402C-A1EE-BC9644ACD9A7}
		{1025870F-E111-47FF-827A-264766606FF4} = {86D91ADE-B0E9-402C-A1EE-BC9644ACD9A7}
		{CB37AA97-C128-431D-9EA7-2067988ABC5A} = {364B1CDC-4E97-4741-8098-05361AAEE45A}
		{E4E0CEA8-6CFF-40D6-8629-1A9F254C96EA} = {364B1CDC-4E97-4741-8098-05361AAEE45A}
	EndGlobalSection
EndGlobal
